
Microsoft Visual Studio Solution File, Format Version 12.00
# Visual Studio Version 17
VisualStudioVersion = 17.1.32414.318
MinimumVisualStudioVersion = 10.0.40219.1
Project("{9A19103F-16F7-4668-BE54-9A1E7A4F7556}") = "FlexibleAuth.Client", "FlexibleAuth\Client\FlexibleAuth.Client.csproj", "{984804D6-9852-4347-A119-0DF5C98D9603}"
EndProject
Project("{9A19103F-16F7-4668-BE54-9A1E7A4F7556}") = "FlexibleAuth.Server", "FlexibleAuth\Server\FlexibleAuth.Server.csproj", "{D5402E81-DB0C-4145-9165-1499CABB90D0}"
EndProject
Project("{9A19103F-16F7-4668-BE54-9A1E7A4F7556}") = "FlexibleAuth.Shared", "FlexibleAuth\Shared\FlexibleAuth.Shared.csproj", "{8EBB3B02-AB04-4712-93C9-BCCA729E7F01}"
EndProject
Global
	GlobalSection(SolutionConfigurationPlatforms) = preSolution
		Debug|Any CPU = Debug|Any CPU
		Release|Any CPU = Release|Any CPU
	EndGlobalSection
	GlobalSection(ProjectConfigurationPlatforms) = postSolution
		{984804D6-9852-4347-A119-0DF5C98D9603}.Debug|Any CPU.ActiveCfg = Debug|Any CPU
		{984804D6-9852-4347-A119-0DF5C98D9603}.Debug|Any CPU.Build.0 = Debug|Any CPU
		{984804D6-9852-4347-A119-0DF5C98D9603}.Release|Any CPU.ActiveCfg = Release|Any CPU
		{984804D6-9852-4347-A119-0DF5C98D9603}.Release|Any CPU.Build.0 = Release|Any CPU
		{D5402E81-DB0C-4145-9165-1499CABB90D0}.Debug|Any CPU.ActiveCfg = Debug|Any CPU
		{D5402E81-DB0C-4145-9165-1499CABB90D0}.Debug|Any CPU.Build.0 = Debug|Any CPU
		{D5402E81-DB0C-4145-9165-1499CABB90D0}.Release|Any CPU.ActiveCfg = Release|Any CPU
		{D5402E81-DB0C-4145-9165-1499CABB90D0}.Release|Any CPU.Build.0 = Release|Any CPU
		{8EBB3B02-AB04-4712-93C9-BCCA729E7F01}.Debug|Any CPU.ActiveCfg = Debug|Any CPU
		{8EBB3B02-AB04-4712-93C9-BCCA729E7F01}.Debug|Any CPU.Build.0 = Debug|Any CPU
		{8EBB3B02-AB04-4712-93C9-BCCA729E7F01}.Release|Any CPU.ActiveCfg = Release|Any CPU
		{8EBB3B02-AB04-4712-93C9-BCCA729E7F01}.Release|Any CPU.Build.0 = Release|Any CPU
	EndGlobalSection
	GlobalSection(SolutionProperties) = preSolution
		HideSolutionNode = FALSE
	EndGlobalSection
	GlobalSection(ExtensibilityGlobals) = postSolution
		SolutionGuid = {6E649295-DC98-41B2-B50E-448CF5F66717}
	EndGlobalSection
EndGlobal
