
Microsoft Visual Studio Solution File, Format Version 12.00
# Visual Studio Version 17
VisualStudioVersion = 17.1.32414.318
MinimumVisualStudioVersion = 10.0.40219.1
Project("{9A19103F-16F7-4668-BE54-9A1E7A4F7556}") = "BasicAuth.Client", "BasicAuth\Client\BasicAuth.Client.csproj", "{46D70B81-5342-435A-8857-443F481CB78E}"
EndProject
Project("{9A19103F-16F7-4668-BE54-9A1E7A4F7556}") = "BasicAuth.Server", "BasicAuth\Server\BasicAuth.Server.csproj", "{F57C7266-98F7-4279-8253-0C85FB156164}"
EndProject
Project("{9A19103F-16F7-4668-BE54-9A1E7A4F7556}") = "BasicAuth.Shared", "BasicAuth\Shared\BasicAuth.Shared.csproj", "{535AE2DD-A2FE-4BAC-B7A8-89C840356733}"
EndProject
Project("{2150E333-8FDC-42A3-9474-1A3956D46DE8}") = "Solution Items", "Solution Items", "{50DAB153-2062-4CF6-9FBB-4BDF087421AF}"
	ProjectSection(SolutionItems) = preProject
		README.md = README.md
	EndProjectSection
EndProject
Global
	GlobalSection(SolutionConfigurationPlatforms) = preSolution
		Debug|Any CPU = Debug|Any CPU
		Release|Any CPU = Release|Any CPU
	EndGlobalSection
	GlobalSection(ProjectConfigurationPlatforms) = postSolution
		{46D70B81-5342-435A-8857-443F481CB78E}.Debug|Any CPU.ActiveCfg = Debug|Any CPU
		{46D70B81-5342-435A-8857-443F481CB78E}.Debug|Any CPU.Build.0 = Debug|Any CPU
		{46D70B81-5342-435A-8857-443F481CB78E}.Release|Any CPU.ActiveCfg = Release|Any CPU
		{46D70B81-5342-435A-8857-443F481CB78E}.Release|Any CPU.Build.0 = Release|Any CPU
		{F57C7266-98F7-4279-8253-0C85FB156164}.Debug|Any CPU.ActiveCfg = Debug|Any CPU
		{F57C7266-98F7-4279-8253-0C85FB156164}.Debug|Any CPU.Build.0 = Debug|Any CPU
		{F57C7266-98F7-4279-8253-0C85FB156164}.Release|Any CPU.ActiveCfg = Release|Any CPU
		{F57C7266-98F7-4279-8253-0C85FB156164}.Release|Any CPU.Build.0 = Release|Any CPU
		{535AE2DD-A2FE-4BAC-B7A8-89C840356733}.Debug|Any CPU.ActiveCfg = Debug|Any CPU
		{535AE2DD-A2FE-4BAC-B7A8-89C840356733}.Debug|Any CPU.Build.0 = Debug|Any CPU
		{535AE2DD-A2FE-4BAC-B7A8-89C840356733}.Release|Any CPU.ActiveCfg = Release|Any CPU
		{535AE2DD-A2FE-4BAC-B7A8-89C840356733}.Release|Any CPU.Build.0 = Release|Any CPU
	EndGlobalSection
	GlobalSection(SolutionProperties) = preSolution
		HideSolutionNode = FALSE
	EndGlobalSection
	GlobalSection(ExtensibilityGlobals) = postSolution
		SolutionGuid = {6E649295-DC98-41B2-B50E-448CF5F66717}
	EndGlobalSection
EndGlobal
